Microsoft Visual Studio Solution File, Format Version 12.00
# Visual Studio 15
Project("{8BC9CEB8-8B4A-11D0-8D11-00A0C91BC942}") = "ALL_BUILD", "ALL_BUILD.vcxproj", "{4608E240-5A74-38E2-9FA0-272F5F1A3283}"
	ProjectSection(ProjectDependencies) = postProject
		{3CAF5303-4E39-3B04-B5EB-ADB9D03D8FAD} = {3CAF5303-4E39-3B04-B5EB-ADB9D03D8FAD}
		{E7E63C79-CEAF-3B12-A243-526AC12EACED} = {E7E63C79-CEAF-3B12-A243-526AC12EACED}
	EndProjectSection
EndProject
Project("{8BC9CEB8-8B4A-11D0-8D11-00A0C91BC942}") = "INSTALL", "INSTALL.vcxproj", "{66FFFA93-E0E5-3E72-A608-74656A5ACEDE}"
	ProjectSection(ProjectDependencies) = postProject
		{4608E240-5A74-38E2-9FA0-272F5F1A3283} = {4608E240-5A74-38E2-9FA0-272F5F1A3283}
		{3CAF5303-4E39-3B04-B5EB-ADB9D03D8FAD} = {3CAF5303-4E39-3B04-B5EB-ADB9D03D8FAD}
	EndProjectSection
EndProject
Project("{8BC9CEB8-8B4A-11D0-8D11-00A0C91BC942}") = "PACKAGE", "PACKAGE.vcxproj", "{7BC6B5E0-3BE8-3917-AF74-EF324453018F}"
	ProjectSection(ProjectDependencies) = postProject
		{4608E240-5A74-38E2-9FA0-272F5F1A3283} = {4608E240-5A74-38E2-9FA0-272F5F1A3283}
		{3CAF5303-4E39-3B04-B5EB-ADB9D03D8FAD} = {3CAF5303-4E39-3B04-B5EB-ADB9D03D8FAD}
	EndProjectSection
EndProject
Project("{8BC9CEB8-8B4A-11D0-8D11-00A0C91BC942}") = "ZERO_CHECK", "ZERO_CHECK.vcxproj", "{3CAF5303-4E39-3B04-B5EB-ADB9D03D8FAD}"
	ProjectSection(ProjectDependencies) = postProject
	EndProjectSection
EndProject
Project("{8BC9CEB8-8B4A-11D0-8D11-00A0C91BC942}") = "glog", "glog.vcxproj", "{E7E63C79-CEAF-3B12-A243-526AC12EACED}"
	ProjectSection(ProjectDependencies) = postProject
		{3CAF5303-4E39-3B04-B5EB-ADB9D03D8FAD} = {3CAF5303-4E39-3B04-B5EB-ADB9D03D8FAD}
	EndProjectSection
EndProject
Global
	GlobalSection(SolutionConfigurationPlatforms) = preSolution
		Debug|x64 = Debug|x64
		Release|x64 = Release|x64
		MinSizeRel|x64 = MinSizeRel|x64
		RelWithDebInfo|x64 = RelWithDebInfo|x64
	EndGlobalSection
	GlobalSection(ProjectConfigurationPlatforms) = postSolution
		{4608E240-5A74-38E2-9FA0-272F5F1A3283}.Debug|x64.ActiveCfg = Debug|x64
		{4608E240-5A74-38E2-9FA0-272F5F1A3283}.Debug|x64.Build.0 = Debug|x64
		{4608E240-5A74-38E2-9FA0-272F5F1A3283}.Release|x64.ActiveCfg = Release|x64
		{4608E240-5A74-38E2-9FA0-272F5F1A3283}.Release|x64.Build.0 = Release|x64
		{4608E240-5A74-38E2-9FA0-272F5F1A3283}.MinSizeRel|x64.ActiveCfg = MinSizeRel|x64
		{4608E240-5A74-38E2-9FA0-272F5F1A3283}.MinSizeRel|x64.Build.0 = MinSizeRel|x64
		{4608E240-5A74-38E2-9FA0-272F5F1A3283}.RelWithDebInfo|x64.ActiveCfg = RelWithDebInfo|x64
		{4608E240-5A74-38E2-9FA0-272F5F1A3283}.RelWithDebInfo|x64.Build.0 = RelWithDebInfo|x64
		{66FFFA93-E0E5-3E72-A608-74656A5ACEDE}.Debug|x64.ActiveCfg = Debug|x64
		{66FFFA93-E0E5-3E72-A608-74656A5ACEDE}.Release|x64.ActiveCfg = Release|x64
		{66FFFA93-E0E5-3E72-A608-74656A5ACEDE}.MinSizeRel|x64.ActiveCfg = MinSizeRel|x64
		{66FFFA93-E0E5-3E72-A608-74656A5ACEDE}.RelWithDebInfo|x64.ActiveCfg = RelWithDebInfo|x64
		{7BC6B5E0-3BE8-3917-AF74-EF324453018F}.Debug|x64.ActiveCfg = Debug|x64
		{7BC6B5E0-3BE8-3917-AF74-EF324453018F}.Release|x64.ActiveCfg = Release|x64
		{7BC6B5E0-3BE8-3917-AF74-EF324453018F}.MinSizeRel|x64.ActiveCfg = MinSizeRel|x64
		{7BC6B5E0-3BE8-3917-AF74-EF324453018F}.RelWithDebInfo|x64.ActiveCfg = RelWithDebInfo|x64
		{3CAF5303-4E39-3B04-B5EB-ADB9D03D8FAD}.Debug|x64.ActiveCfg = Debug|x64
		{3CAF5303-4E39-3B04-B5EB-ADB9D03D8FAD}.Debug|x64.Build.0 = Debug|x64
		{3CAF5303-4E39-3B04-B5EB-ADB9D03D8FAD}.Release|x64.ActiveCfg = Release|x64
		{3CAF5303-4E39-3B04-B5EB-ADB9D03D8FAD}.Release|x64.Build.0 = Release|x64
		{3CAF5303-4E39-3B04-B5EB-ADB9D03D8FAD}.MinSizeRel|x64.ActiveCfg = MinSizeRel|x64
		{3CAF5303-4E39-3B04-B5EB-ADB9D03D8FAD}.MinSizeRel|x64.Build.0 = MinSizeRel|x64
		{3CAF5303-4E39-3B04-B5EB-ADB9D03D8FAD}.RelWithDebInfo|x64.ActiveCfg = RelWithDebInfo|x64
		{3CAF5303-4E39-3B04-B5EB-ADB9D03D8FAD}.RelWithDebInfo|x64.Build.0 = RelWithDebInfo|x64
		{E7E63C79-CEAF-3B12-A243-526AC12EACED}.Debug|x64.ActiveCfg = Debug|x64
		{E7E63C79-CEAF-3B12-A243-526AC12EACED}.Debug|x64.Build.0 = Debug|x64
		{E7E63C79-CEAF-3B12-A243-526AC12EACED}.Release|x64.ActiveCfg = Release|x64
		{E7E63C79-CEAF-3B12-A243-526AC12EACED}.Release|x64.Build.0 = Release|x64
		{E7E63C79-CEAF-3B12-A243-526AC12EACED}.MinSizeRel|x64.ActiveCfg = MinSizeRel|x64
		{E7E63C79-CEAF-3B12-A243-526AC12EACED}.MinSizeRel|x64.Build.0 = MinSizeRel|x64
		{E7E63C79-CEAF-3B12-A243-526AC12EACED}.RelWithDebInfo|x64.ActiveCfg = RelWithDebInfo|x64
		{E7E63C79-CEAF-3B12-A243-526AC12EACED}.RelWithDebInfo|x64.Build.0 = RelWithDebInfo|x64
	EndGlobalSection
	GlobalSection(ExtensibilityGlobals) = postSolution
		SolutionGuid = {0B15A328-EB11-33BE-90D9-70DAE40A7A45}
	EndGlobalSection
	GlobalSection(ExtensibilityAddIns) = postSolution
	EndGlobalSection
EndGlobal
